{
  "name": "smrt-algo-pro",
  "lockfileVersion": 3,
  "requires": true,
  "packages": {
    "": {
      "name": "smrt-algo-pro",
      "dependencies": {
        "csv-parse": "^7.0.3"
      }
    },
    "node_modules/csv-parse": {
      "version": "7.0.3",
      "resolved": "https://registry.npmjs.org/csv-parse/-/csv-parse-7.0.3.tgz",
      "integrity": "sha512-YFd3QM/yo17vH91L1IOZuvl09zM0zEEtdfTcOCKWcMdM++MNaQSyp09slXyFCLaPXvHstQFx/xC8myiFHSMUvw==",
      "license": "MIT"
    }
  }
}
